
Microsoft Visual Studio Solution File, Format Version 11.00
# Visual Studio 2010
Project("{8BC9CEB8-8B4A-11D0-8D11-00A0C91BC942}") = "network_project", "network_project\network_project.vcxproj", "{F092417F-B6ED-4157-A150-8D429F33E069}"
EndProject
Global
	GlobalSection(SolutionConfigurationPlatforms) = preSolution
		Debug|Win32 = Debug|Win32
		Release|Win32 = Release|Win32
	EndGlobalSection
	GlobalSection(ProjectConfigurationPlatforms) = postSolution
		{F092417F-B6ED-4157-A150-8D429F33E069}.Debug|Win32.ActiveCfg = Debug|Win32
		{F092417F-B6ED-4157-A150-8D429F33E069}.Debug|Win32.Build.0 = Debug|Win32
		{F092417F-B6ED-4157-A150-8D429F33E069}.Release|Win32.ActiveCfg = Release|Win32
		{F092417F-B6ED-4157-A150-8D429F33E069}.Release|Win32.Build.0 = Release|Win32
	EndGlobalSection
	GlobalSection(SolutionProperties) = preSolution
		HideSolutionNode = FALSE
	EndGlobalSection
EndGlobal
